
Microsoft Visual Studio Solution File, Format Version 12.00
# Visual Studio 14
VisualStudioVersion = 14.0.24720.0
MinimumVisualStudioVersion = 10.0.40219.1
Project("{FAE04EC0-301F-11D3-BF4B-00C04F79EFBC}") = "CSharp", "CSharp\CSharp.csproj", "{928CE6B3-6596-40CF-9D4A-2C7205134838}"
EndProject
Project("{F2A71F9B-5D33-465A-A702-920D77279786}") = "FSharp", "FSharp\FSharp.fsproj", "{ECBC4FFA-945A-4D7B-B352-5AE26BE814C2}"
EndProject
Project("{FAE04EC0-301F-11D3-BF4B-00C04F79EFBC}") = "Tests", "Tests\Tests.csproj", "{D0F88F03-3F00-4C24-BF6C-ECB756220C8A}"
EndProject
Global
	GlobalSection(SolutionConfigurationPlatforms) = preSolution
		Debug|Any CPU = Debug|Any CPU
		Release|Any CPU = Release|Any CPU
	EndGlobalSection
	GlobalSection(ProjectConfigurationPlatforms) = postSolution
		{928CE6B3-6596-40CF-9D4A-2C7205134838}.Debug|Any CPU.ActiveCfg = Debug|Any CPU
		{928CE6B3-6596-40CF-9D4A-2C7205134838}.Debug|Any CPU.Build.0 = Debug|Any CPU
		{928CE6B3-6596-40CF-9D4A-2C7205134838}.Release|Any CPU.ActiveCfg = Release|Any CPU
		{928CE6B3-6596-40CF-9D4A-2C7205134838}.Release|Any CPU.Build.0 = Release|Any CPU
		{ECBC4FFA-945A-4D7B-B352-5AE26BE814C2}.Debug|Any CPU.ActiveCfg = Debug|Any CPU
		{ECBC4FFA-945A-4D7B-B352-5AE26BE814C2}.Debug|Any CPU.Build.0 = Debug|Any CPU
		{ECBC4FFA-945A-4D7B-B352-5AE26BE814C2}.Release|Any CPU.ActiveCfg = Release|Any CPU
		{ECBC4FFA-945A-4D7B-B352-5AE26BE814C2}.Release|Any CPU.Build.0 = Release|Any CPU
		{D0F88F03-3F00-4C24-BF6C-ECB756220C8A}.Debug|Any CPU.ActiveCfg = Debug|Any CPU
		{D0F88F03-3F00-4C24-BF6C-ECB756220C8A}.Debug|Any CPU.Build.0 = Debug|Any CPU
		{D0F88F03-3F00-4C24-BF6C-ECB756220C8A}.Release|Any CPU.ActiveCfg = Release|Any CPU
		{D0F88F03-3F00-4C24-BF6C-ECB756220C8A}.Release|Any CPU.Build.0 = Release|Any CPU
	EndGlobalSection
	GlobalSection(SolutionProperties) = preSolution
		HideSolutionNode = FALSE
	EndGlobalSection
EndGlobal
